
Microsoft Visual Studio Solution File, Format Version 12.00
# Visual Studio 14
VisualStudioVersion = 14.0.24720.0
MinimumVisualStudioVersion = 10.0.40219.1
Project("{2150E333-8FDC-42A3-9474-1A3956D46DE8}") = "Solution Items", "Solution Items", "{CDE9558E-AF15-4E35-BCD6-7C0F919CF0CC}"
	ProjectSection(SolutionItems) = preProject
		global.json = global.json
	EndProjectSection
EndProject
Project("{2150E333-8FDC-42A3-9474-1A3956D46DE8}") = "src", "src", "{9C1B1F03-ED9A-4682-B72B-0A2B935AAE18}"
EndProject
Project("{8BB2217D-0F2D-49D1-97BC-3654ED321F3B}") = "Accounts", "src\Accounts\Accounts.xproj", "{DB8DED56-FD92-49AF-B5AB-7743BD7055D2}"
EndProject
Global
	GlobalSection(SolutionConfigurationPlatforms) = preSolution
		Debug|Any CPU = Debug|Any CPU
		Release|Any CPU = Release|Any CPU
	EndGlobalSection
	GlobalSection(ProjectConfigurationPlatforms) = postSolution
		{DB8DED56-FD92-49AF-B5AB-7743BD7055D2}.Debug|Any CPU.ActiveCfg = Debug|Any CPU
		{DB8DED56-FD92-49AF-B5AB-7743BD7055D2}.Debug|Any CPU.Build.0 = Debug|Any CPU
		{DB8DED56-FD92-49AF-B5AB-7743BD7055D2}.Release|Any CPU.ActiveCfg = Release|Any CPU
		{DB8DED56-FD92-49AF-B5AB-7743BD7055D2}.Release|Any CPU.Build.0 = Release|Any CPU
	EndGlobalSection
	GlobalSection(SolutionProperties) = preSolution
		HideSolutionNode = FALSE
	EndGlobalSection
	GlobalSection(NestedProjects) = preSolution
		{DB8DED56-FD92-49AF-B5AB-7743BD7055D2} = {9C1B1F03-ED9A-4682-B72B-0A2B935AAE18}
	EndGlobalSection
EndGlobal
